{
  "lockfileVersion": 1,
  "workspaces": {
    "": {
      "name": "app",
      "dependencies": {
        "@dicebear/collection": "^9.2.3",
        "@dicebear/core": "^9.2.3",
        "@hono/node-server": "^1.18.1",
        "@types/bcryptjs": "^3.0.0",
        "@types/nodemailer": "^6.4.17",
        "bcryptjs": "^3.0.2",
        "better-auth": "^1.3.4",
        "hono": "^4.9.6",
        "nodemailer": "^7.0.5",
      },
      "devDependencies": {
        "@types/bun": "latest",
      },
    },
  },
  "packages": {
    "@better-auth/utils": ["@better-auth/utils@0.2.5", "", { "dependencies": { "typescript": "^5.8.2", "uncrypto": "^0.1.3" } }, "sha512-uI2+/8h/zVsH8RrYdG8eUErbuGBk16rZKQfz8CjxQOyCE6v7BqFYEbFwvOkvl1KbUdxhqOnXp78+uE5h8qVEgQ=="],

    "@better-fetch/fetch": ["@better-fetch/fetch@1.1.18", "", {}, "sha512-rEFOE1MYIsBmoMJtQbl32PGHHXuG2hDxvEd7rUHE0vCBoFQVSDqaVs9hkZEtHCxRoY+CljXKFCOuJ8uxqw1LcA=="],

    "@dicebear/adventurer": ["@dicebear/adventurer@9.2.3", "", { "peerDependencies": { "@dicebear/core": "^9.0.0" } }, "sha512-kF97966JCLbLFkavLKLplhubC4k8G19e1V3vtq+XWKKSBNNLMc0yhiEXnFjS6eVI4rnQ6dUpTff4gUmpREmEnQ=="],

    "@dicebear/adventurer-neutral": ["@dicebear/adventurer-neutral@9.2.3", "", { "peerDependencies": { "@dicebear/core": "^9.0.0" } }, "sha512-yjsflrlGIZolEJDcIhdh5l8R6QoyZ0Fc5ZaRS95Na15GeCA0bcq92fDpyb/87F8QRYR4hcn8wYim+MZKyDnm3A=="],

    "@dicebear/avataaars": ["@dicebear/avataaars@9.2.3", "", { "peerDependencies": { "@dicebear/core": "^9.0.0" } }, "sha512-Jh6mGKMA99KCF+S5rnS+QIlrApCy7NJI6SwmCzixJQmlX0GbWrgBuRxPEy2XJo4FWKGI9eFKOQ4QtNFEwGKjWQ=="],

    "@dicebear/avataaars-neutral": ["@dicebear/avataaars-neutral@9.2.3", "", { "peerDependencies": { "@dicebear/core": "^9.0.0" } }, "sha512-v9Ga01GVKGchqNBc4Z2Gk5Y4P0c/jzNg6l/r4kX0xCMDXNd/vchi6QI464pHnJpDC/I8BzL1wYbpZrUEmTWJmA=="],

    "@dicebear/big-ears": ["@dicebear/big-ears@9.2.3", "", { "peerDependencies": { "@dicebear/core": "^9.0.0" } }, "sha512-YTZ3QIWlG6HlkDyASAaQoetxYtQgOwq4GTJxDpzzawFbhhtMJabqAU7dzWkPY6IgJfI/MAKVxdeqXK0Aiw4E6w=="],

    "@dicebear/big-ears-neutral": ["@dicebear/big-ears-neutral@9.2.3", "", { "peerDependencies": { "@dicebear/core": "^9.0.0" } }, "sha512-y4T8ukm+A/ZXBnwyx3CFZxxJlzoTGJ1xmJL2j4/6zXxjlzl3wkc2mZX36t16i6NKiBs9LJwOUNx6IezbmYjDjg=="],

    "@dicebear/big-smile": ["@dicebear/big-smile@9.2.3", "", { "peerDependencies": { "@dicebear/core": "^9.0.0" } }, "sha512-/QvZlUmNIjnA6GN5VPUiD5g1MYr+qTOun3CfBSrPAav+tFo8RQGszM6ggvkmn4Q1aHwJ0XQNRiIvTJtQisuqKg=="],

    "@dicebear/bottts": ["@dicebear/bottts@9.2.3", "", { "peerDependencies": { "@dicebear/core": "^9.0.0" } }, "sha512-udHSuK7uDYMFiCPZsHkaqCyo0hoJFMehsTSBtvOUOQqlQGYA2E7+gLgLmfvBQlYuk61lBM4yLyQdbGj0W7Nl1Q=="],

    "@dicebear/bottts-neutral": ["@dicebear/bottts-neutral@9.2.3", "", { "peerDependencies": { "@dicebear/core": "^9.0.0" } }, "sha512-6wFfWwXHE3kJKP0DqgN/SmSBDPs/s8o46APst8RfHnmcDLEsQExg0WquGwXfP+3XqGjPhsm/LGaA/yXKlE/84w=="],

    "@dicebear/collection": ["@dicebear/collection@9.2.3", "", { "dependencies": { "@dicebear/adventurer": "9.2.3", "@dicebear/adventurer-neutral": "9.2.3", "@dicebear/avataaars": "9.2.3", "@dicebear/avataaars-neutral": "9.2.3", "@dicebear/big-ears": "9.2.3", "@dicebear/big-ears-neutral": "9.2.3", "@dicebear/big-smile": "9.2.3", "@dicebear/bottts": "9.2.3", "@dicebear/bottts-neutral": "9.2.3", "@dicebear/croodles": "9.2.3", "@dicebear/croodles-neutral": "9.2.3", "@dicebear/dylan": "9.2.3", "@dicebear/fun-emoji": "9.2.3", "@dicebear/glass": "9.2.3", "@dicebear/icons": "9.2.3", "@dicebear/identicon": "9.2.3", "@dicebear/initials": "9.2.3", "@dicebear/lorelei": "9.2.3", "@dicebear/lorelei-neutral": "9.2.3", "@dicebear/micah": "9.2.3", "@dicebear/miniavs": "9.2.3", "@dicebear/notionists": "9.2.3", "@dicebear/notionists-neutral": "9.2.3", "@dicebear/open-peeps": "9.2.3", "@dicebear/personas": "9.2.3", "@dicebear/pixel-art": "9.2.3", "@dicebear/pixel-art-neutral": "9.2.3", "@dicebear/rings": "9.2.3", "@dicebear/shapes": "9.2.3", "@dicebear/thumbs": "9.2.3" }, "peerDependencies": { "@dicebear/core": "^9.0.0" } }, "sha512-PWW1x6EnDKw66dtpy3+1/W/UTrxq9jOGaWgRj+PV6Y0Pvc2a7ZMi6tBzfGWpy0r+XdhREUQ3vyFqim+R/iE2Rg=="],

    "@dicebear/core": ["@dicebear/core@9.2.3", "", { "dependencies": { "@types/json-schema": "^7.0.11" } }, "sha512-rsWmQO/TxBtnYbQSOrOESmf/XD5TC30cwKw9LBT2+7Q9HwIf5qJKBJT25bmwvn3RPHVe4A6DkTVMtmsoSaErFg=="],

    "@dicebear/croodles": ["@dicebear/croodles@9.2.3", "", { "peerDependencies": { "@dicebear/core": "^9.0.0" } }, "sha512-dzFhchlmhst+PBMkNbLNVcOyNFWAhaFnxQOMwWluHPzg8ryiFt/LEKWB7bPKMue1jBwta6LfoUv7vDG4LpdXIw=="],

    "@dicebear/croodles-neutral": ["@dicebear/croodles-neutral@9.2.3", "", { "peerDependencies": { "@dicebear/core": "^9.0.0" } }, "sha512-peurufAge4ZbzqGVAyFxhZ64qKv+MLBuQK2XvXsXX0uHgtEeAgSjFl6+O0wgJ7KVKtHL56qY68Acdhy3U91BYw=="],

    "@dicebear/dylan": ["@dicebear/dylan@9.2.3", "", { "peerDependencies": { "@dicebear/core": "^9.0.0" } }, "sha512-gtRhE1jxKwgUE4d2N7KHJ/rSdAg8zxgViALygs8/kcs2y4uinNx5NW3OvJwNPMBAwHRqeM6GbLKycbfiYMKdwA=="],

    "@dicebear/fun-emoji": ["@dicebear/fun-emoji@9.2.3", "", { "peerDependencies": { "@dicebear/core": "^9.0.0" } }, "sha512-zR+SmA7hWT8FDkJsdvg5uI7fOabilZfheM8RnMkEXXA0NmKgNKuWX9yFjLxeWESbJwBZFJ/SKasKcZSJP88eyw=="],

    "@dicebear/glass": ["@dicebear/glass@9.2.3", "", { "peerDependencies": { "@dicebear/core": "^9.0.0" } }, "sha512-ucaM6TrTt/JsDa26ZQbtxevN0JLu2S06Q2+M/kAT2f0OdR6hSNdPnj/hDIVWg/u4XgW9HXrJ4Lt2KG2nZGq1MA=="],

    "@dicebear/icons": ["@dicebear/icons@9.2.3", "", { "peerDependencies": { "@dicebear/core": "^9.0.0" } }, "sha512-2IaSmvgxzEvbtXHxhuxaCrBCtTG7HouxbInzPOetWz/YroTe5qj2k81uhl6ctbviO1PgGgkhIJ12nCIey6O/Tw=="],

    "@dicebear/identicon": ["@dicebear/identicon@9.2.3", "", { "peerDependencies": { "@dicebear/core": "^9.0.0" } }, "sha512-WCMYjOV19ocaJQDgD3E1z2FRgY4Zbnjieb2FSXPwW6zi04l52rhGaywk8YlCbaHilE43Iybyu1v6iDf4I71qKg=="],

    "@dicebear/initials": ["@dicebear/initials@9.2.3", "", { "peerDependencies": { "@dicebear/core": "^9.0.0" } }, "sha512-Qz668xB/XHRNsxW3vpZ0q9xq/M6tscbv1FaFvAGbnFO2hzfqiCWSK1cfNrrqlPJbz7Pz5LIlL5xObLZ0UYhFRA=="],

    "@dicebear/lorelei": ["@dicebear/lorelei@9.2.3", "", { "peerDependencies": { "@dicebear/core": "^9.0.0" } }, "sha512-ribIq7I669JyUSZ0s8jDx5N2NqQUhGSoFGK5d82JqI2HYIAury/0WDsMh0fKeuYUJb9KuDEv+e9nO3OJVa8Hog=="],

    "@dicebear/lorelei-neutral": ["@dicebear/lorelei-neutral@9.2.3", "", { "peerDependencies": { "@dicebear/core": "^9.0.0" } }, "sha512-C0XcfvB1Td9y1jeaBSkuMrQTAv/RiupQ62cE25f18Mw9UuTC3TwnHR6Ms/4SAEhCZxE2xYHZccs3Lvgkn/b3dA=="],

    "@dicebear/micah": ["@dicebear/micah@9.2.3", "", { "peerDependencies": { "@dicebear/core": "^9.0.0" } }, "sha512-CcA/vVqrFEu5oDNAwJRRmLAE1gGJseP6BJTHMOdROkIOMpt1sy7OBqOFmajGnpOxOhvqBmvTZy0bw0G2TnnKSQ=="],

    "@dicebear/miniavs": ["@dicebear/miniavs@9.2.3", "", { "peerDependencies": { "@dicebear/core": "^9.0.0" } }, "sha512-l111IVYtbUXypFQz1U4hTFM5DxGThDmluG7mNi1Uu92I5/3mH7Eltm2mX3T6g1HFW8MDaTeSBKee1xGVaHmmaA=="],

    "@dicebear/notionists": ["@dicebear/notionists@9.2.3", "", { "peerDependencies": { "@dicebear/core": "^9.0.0" } }, "sha512-0bqS1pwAR8aAm6BDShgD5eI+u0f2CtgeFIDsOER6Je3WwFGyIBUTwwVSL7gmiA5qcvQAB9Slohj7vbN0pifTyA=="],

    "@dicebear/notionists-neutral": ["@dicebear/notionists-neutral@9.2.3", "", { "peerDependencies": { "@dicebear/core": "^9.0.0" } }, "sha512-4WXCE9e9xIe1QdxiGXONxWhAzDVT4nMjoZA0rtgX8Sl0lqSIeBrO4RTnyaqFbGG1V1MiPj9CbE5OB8YbwexFBg=="],

    "@dicebear/open-peeps": ["@dicebear/open-peeps@9.2.3", "", { "peerDependencies": { "@dicebear/core": "^9.0.0" } }, "sha512-QcqKF3geA2Aqw1aJo8PO7+mKXz2I882D61I19vm94V1ojWnyw+8ihFmCLPReVcxQatxNjraTXCoKyT37TbgKBg=="],

    "@dicebear/personas": ["@dicebear/personas@9.2.3", "", { "peerDependencies": { "@dicebear/core": "^9.0.0" } }, "sha512-YUXyoOwgt9CGhEuWl+dChDLmcVyuoU5UB7GY8PLWyHoy+1K3MzHJI7XFeDXyOYFpfuBiVY2++YjUZg26loqCNw=="],

    "@dicebear/pixel-art": ["@dicebear/pixel-art@9.2.3", "", { "peerDependencies": { "@dicebear/core": "^9.0.0" } }, "sha512-4JZS/zbZZXg99P10sza0yxC2v+ugEWcoNy+c4I98ylWOjs2BrKcupSsU/2R11egT4u7hEknlVqR1zxKBGjuIDA=="],

    "@dicebear/pixel-art-neutral": ["@dicebear/pixel-art-neutral@9.2.3", "", { "peerDependencies": { "@dicebear/core": "^9.0.0" } }, "sha512-Eblj/m8x0VSsJfN++GRMPdqOXCcTh0TIIf2waLbNlaOEU1xdhkYC9wSdYfjNv3gUIdbButiYWHwPgRZETcx1qQ=="],

    "@dicebear/rings": ["@dicebear/rings@9.2.3", "", { "peerDependencies": { "@dicebear/core": "^9.0.0" } }, "sha512-L4gZAzMsf9TNS99Um1ElG7Ncs9VSpQugLL0fCfDkMEkGxvwM+Aqu1UfX7iV3qNsEiu/zaR+3qCMBOEfNGUE1vA=="],

    "@dicebear/shapes": ["@dicebear/shapes@9.2.3", "", { "peerDependencies": { "@dicebear/core": "^9.0.0" } }, "sha512-4MlhZED2ZDfHymNiPtj67UwW79ECoK1gDjRsUS5BPQUBFIQ22cYrKrRhDcs1CxMZCStnVsH26tt3atIkFeIo9Q=="],

    "@dicebear/thumbs": ["@dicebear/thumbs@9.2.3", "", { "peerDependencies": { "@dicebear/core": "^9.0.0" } }, "sha512-C9vFXjYpLWa98tc4n+FcWkpJAWaGSJOqPUeaom+KVU/ibXLkr21RlcDCRc63YJfiULlE8bQhDWw7FaUAFV3gew=="],

    "@hexagon/base64": ["@hexagon/base64@1.1.28", "", {}, "sha512-lhqDEAvWixy3bZ+UOYbPwUbBkwBq5C1LAJ/xPC8Oi+lL54oyakv/npbA0aU2hgCsx/1NUd4IBvV03+aUBWxerw=="],

    "@hono/node-server": ["@hono/node-server@1.18.1", "", { "peerDependencies": { "hono": "^4" } }, "sha512-O3puG/b7owYYmoQ2XPBf3SxBz6Dhk5VmWFhbaBU8/5wcUaXUPS0goxaI2Zfyg+Cu14ILJHEU7IFRw7miFxuXxg=="],

    "@levischuck/tiny-cbor": ["@levischuck/tiny-cbor@0.2.11", "", {}, "sha512-llBRm4dT4Z89aRsm6u2oEZ8tfwL/2l6BwpZ7JcyieouniDECM5AqNgr/y08zalEIvW3RSK4upYyybDcmjXqAow=="],

    "@noble/ciphers": ["@noble/ciphers@0.6.0", "", {}, "sha512-mIbq/R9QXk5/cTfESb1OKtyFnk7oc1Om/8onA1158K9/OZUQFDEVy55jVTato+xmp3XX6F6Qh0zz0Nc1AxAlRQ=="],

    "@noble/hashes": ["@noble/hashes@1.8.0", "", {}, "sha512-jCs9ldd7NwzpgXDIf6P3+NrHh9/sD6CQdxHyjQI+h/6rDNo88ypBxxz45UDuZHz9r3tNz7N/VInSVoVdtXEI4A=="],

    "@peculiar/asn1-android": ["@peculiar/asn1-android@2.4.0", "", { "dependencies": { "@peculiar/asn1-schema": "^2.4.0", "asn1js": "^3.0.6", "tslib": "^2.8.1" } }, "sha512-YFueREq97CLslZZBI8dKzis7jMfEHSLxM+nr0Zdx1POiXFLjqqwoY5s0F1UimdBiEw/iKlHey2m56MRDv7Jtyg=="],

    "@peculiar/asn1-ecc": ["@peculiar/asn1-ecc@2.4.0", "", { "dependencies": { "@peculiar/asn1-schema": "^2.4.0", "@peculiar/asn1-x509": "^2.4.0", "asn1js": "^3.0.6", "tslib": "^2.8.1" } }, "sha512-fJiYUBCJBDkjh347zZe5H81BdJ0+OGIg0X9z06v8xXUoql3MFeENUX0JsjCaVaU9A0L85PefLPGYkIoGpTnXLQ=="],

    "@peculiar/asn1-rsa": ["@peculiar/asn1-rsa@2.4.0", "", { "dependencies": { "@peculiar/asn1-schema": "^2.4.0", "@peculiar/asn1-x509": "^2.4.0", "asn1js": "^3.0.6", "tslib": "^2.8.1" } }, "sha512-6PP75voaEnOSlWR9sD25iCQyLgFZHXbmxvUfnnDcfL6Zh5h2iHW38+bve4LfH7a60x7fkhZZNmiYqAlAff9Img=="],

    "@peculiar/asn1-schema": ["@peculiar/asn1-schema@2.4.0", "", { "dependencies": { "asn1js": "^3.0.6", "pvtsutils": "^1.3.6", "tslib": "^2.8.1" } }, "sha512-umbembjIWOrPSOzEGG5vxFLkeM8kzIhLkgigtsOrfLKnuzxWxejAcUX+q/SoZCdemlODOcr5WiYa7+dIEzBXZQ=="],

    "@peculiar/asn1-x509": ["@peculiar/asn1-x509@2.4.0", "", { "dependencies": { "@peculiar/asn1-schema": "^2.4.0", "asn1js": "^3.0.6", "pvtsutils": "^1.3.6", "tslib": "^2.8.1" } }, "sha512-F7mIZY2Eao2TaoVqigGMLv+NDdpwuBKU1fucHPONfzaBS4JXXCNCmfO0Z3dsy7JzKGqtDcYC1mr9JjaZQZNiuw=="],

    "@simplewebauthn/browser": ["@simplewebauthn/browser@13.1.2", "", {}, "sha512-aZnW0KawAM83fSBUgglP5WofbrLbLyr7CoPqYr66Eppm7zO86YX6rrCjRB3hQKPrL7ATvY4FVXlykZ6w6FwYYw=="],

    "@simplewebauthn/server": ["@simplewebauthn/server@13.1.2", "", { "dependencies": { "@hexagon/base64": "^1.1.27", "@levischuck/tiny-cbor": "^0.2.2", "@peculiar/asn1-android": "^2.3.10", "@peculiar/asn1-ecc": "^2.3.8", "@peculiar/asn1-rsa": "^2.3.8", "@peculiar/asn1-schema": "^2.3.8", "@peculiar/asn1-x509": "^2.3.8" } }, "sha512-VwoDfvLXSCaRiD+xCIuyslU0HLxVggeE5BL06+GbsP2l1fGf5op8e0c3ZtKoi+vSg1q4ikjtAghC23ze2Q3H9g=="],

    "@types/bcryptjs": ["@types/bcryptjs@3.0.0", "", { "dependencies": { "bcryptjs": "*" } }, "sha512-WRZOuCuaz8UcZZE4R5HXTco2goQSI2XxjGY3hbM/xDvwmqFWd4ivooImsMx65OKM6CtNKbnZ5YL+YwAwK7c1dg=="],

    "@types/bun": ["@types/bun@1.2.19", "", { "dependencies": { "bun-types": "1.2.19" } }, "sha512-d9ZCmrH3CJ2uYKXQIUuZ/pUnTqIvLDS0SK7pFmbx8ma+ziH/FRMoAq5bYpRG7y+w1gl+HgyNZbtqgMq4W4e2Lg=="],

    "@types/json-schema": ["@types/json-schema@7.0.15", "", {}, "sha512-5+fP8P8MFNC+AyZCDxrB2pkZFPGzqQWUzpSeuuVLvm8VMcorNYavBqoFcxK8bQz4Qsbn4oUEEem4wDLfcysGHA=="],

    "@types/node": ["@types/node@24.2.0", "", { "dependencies": { "undici-types": "~7.10.0" } }, "sha512-3xyG3pMCq3oYCNg7/ZP+E1ooTaGB4cG8JWRsqqOYQdbWNY4zbaV0Ennrd7stjiJEFZCaybcIgpTjJWHRfBSIDw=="],

    "@types/nodemailer": ["@types/nodemailer@6.4.17", "", { "dependencies": { "@types/node": "*" } }, "sha512-I9CCaIp6DTldEg7vyUTZi8+9Vo0hi1/T8gv3C89yk1rSAAzoKQ8H8ki/jBYJSFoH/BisgLP8tkZMlQ91CIquww=="],

    "@types/react": ["@types/react@19.1.9", "", { "dependencies": { "csstype": "^3.0.2" } }, "sha512-WmdoynAX8Stew/36uTSVMcLJJ1KRh6L3IZRx1PZ7qJtBqT3dYTgyDTx8H1qoRghErydW7xw9mSJ3wS//tCRpFA=="],

    "asn1js": ["asn1js@3.0.6", "", { "dependencies": { "pvtsutils": "^1.3.6", "pvutils": "^1.1.3", "tslib": "^2.8.1" } }, "sha512-UOCGPYbl0tv8+006qks/dTgV9ajs97X2p0FAbyS2iyCRrmLSRolDaHdp+v/CLgnzHc3fVB+CwYiUmei7ndFcgA=="],

    "bcryptjs": ["bcryptjs@3.0.2", "", { "bin": { "bcrypt": "bin/bcrypt" } }, "sha512-k38b3XOZKv60C4E2hVsXTolJWfkGRMbILBIe2IBITXciy5bOsTKot5kDrf3ZfufQtQOUN5mXceUEpU1rTl9Uog=="],

    "better-auth": ["better-auth@1.3.4", "", { "dependencies": { "@better-auth/utils": "0.2.5", "@better-fetch/fetch": "^1.1.18", "@noble/ciphers": "^0.6.0", "@noble/hashes": "^1.8.0", "@simplewebauthn/browser": "^13.0.0", "@simplewebauthn/server": "^13.0.0", "better-call": "^1.0.12", "defu": "^6.1.4", "jose": "^5.9.6", "kysely": "^0.28.1", "nanostores": "^0.11.3", "zod": "^4.0.5" }, "peerDependencies": { "react": "^18.0.0 || ^19.0.0", "react-dom": "^18.0.0 || ^19.0.0" }, "optionalPeers": ["react", "react-dom"] }, "sha512-JbZYam6Cs3Eu5CSoMK120zSshfaKvrCftSo/+v7524H1RvhryQ7UtMbzagBcXj0Digjj8hZtVkkR4tTZD/wK2g=="],

    "better-call": ["better-call@1.0.13", "", { "dependencies": { "@better-fetch/fetch": "^1.1.4", "rou3": "^0.5.1", "set-cookie-parser": "^2.7.1", "uncrypto": "^0.1.3" } }, "sha512-auqdP9lnNOli9tKpZIiv0nEIwmmyaD/RotM3Mucql+Ef88etoZi/t7Ph5LjlmZt/hiSahhNTt6YVnx6++rziXA=="],

    "bun-types": ["bun-types@1.2.19", "", { "dependencies": { "@types/node": "*" }, "peerDependencies": { "@types/react": "^19" } }, "sha512-uAOTaZSPuYsWIXRpj7o56Let0g/wjihKCkeRqUBhlLVM/Bt+Fj9xTo+LhC1OV1XDaGkz4hNC80et5xgy+9KTHQ=="],

    "csstype": ["csstype@3.1.3", "", {}, "sha512-M1uQkMl8rQK/szD0LNhtqxIPLpimGm8sOBwU7lLnCpSbTyY3yeU1Vc7l4KT5zT4s/yOxHH5O7tIuuLOCnLADRw=="],

    "defu": ["defu@6.1.4", "", {}, "sha512-mEQCMmwJu317oSz8CwdIOdwf3xMif1ttiM8LTufzc3g6kR+9Pe236twL8j3IYT1F7GfRgGcW6MWxzZjLIkuHIg=="],

    "hono": ["hono@4.9.10", "", {}, "sha512-AlI15ijFyKTXR7eHo7QK7OR4RoKIedZvBuRjO8iy4zrxvlY5oFCdiRG/V/lFJHCNXJ0k72ATgnyzx8Yqa5arug=="],

    "jose": ["jose@5.10.0", "", {}, "sha512-s+3Al/p9g32Iq+oqXxkW//7jk2Vig6FF1CFqzVXoTUXt2qz89YWbL+OwS17NFYEvxC35n0FKeGO2LGYSxeM2Gg=="],

    "kysely": ["kysely@0.28.4", "", {}, "sha512-pfQj8/Bo3KSzC1HIZB5MeeYRWcDmx1ZZv8H25LsyeygqXE+gfsbUAgPT1GSYZFctB1cdOVlv+OifuCls2mQSnw=="],

    "nanostores": ["nanostores@0.11.4", "", {}, "sha512-k1oiVNN4hDK8NcNERSZLQiMfRzEGtfnvZvdBvey3SQbgn8Dcrk0h1I6vpxApjb10PFUflZrgJ2WEZyJQ+5v7YQ=="],

    "nodemailer": ["nodemailer@7.0.5", "", {}, "sha512-nsrh2lO3j4GkLLXoeEksAMgAOqxOv6QumNRVQTJwKH4nuiww6iC2y7GyANs9kRAxCexg3+lTWM3PZ91iLlVjfg=="],

    "pvtsutils": ["pvtsutils@1.3.6", "", { "dependencies": { "tslib": "^2.8.1" } }, "sha512-PLgQXQ6H2FWCaeRak8vvk1GW462lMxB5s3Jm673N82zI4vqtVUPuZdffdZbPDFRoU8kAhItWFtPCWiPpp4/EDg=="],

    "pvutils": ["pvutils@1.1.3", "", {}, "sha512-pMpnA0qRdFp32b1sJl1wOJNxZLQ2cbQx+k6tjNtZ8CpvVhNqEPRgivZ2WOUev2YMajecdH7ctUPDvEe87nariQ=="],

    "rou3": ["rou3@0.5.1", "", {}, "sha512-OXMmJ3zRk2xeXFGfA3K+EOPHC5u7RDFG7lIOx0X1pdnhUkI8MdVrbV+sNsD80ElpUZ+MRHdyxPnFthq9VHs8uQ=="],

    "set-cookie-parser": ["set-cookie-parser@2.7.1", "", {}, "sha512-IOc8uWeOZgnb3ptbCURJWNjWUPcO3ZnTTdzsurqERrP6nPyv+paC55vJM0LpOlT2ne+Ix+9+CRG1MNLlyZ4GjQ=="],

    "tslib": ["tslib@2.8.1", "", {}, "sha512-oJFu94HQb+KVduSUQL7wnpmqnfmLsOA/nAh6b6EH0wCEoK0/mPeXU6c3wKDV83MkOuHPRHtSXKKU99IBazS/2w=="],

    "typescript": ["typescript@5.9.2", "", { "bin": { "tsc": "bin/tsc", "tsserver": "bin/tsserver" } }, "sha512-CWBzXQrc/qOkhidw1OzBTQuYRbfyxDXJMVJ1XNwUHGROVmuaeiEm3OslpZ1RV96d7SKKjZKrSJu3+t/xlw3R9A=="],

    "uncrypto": ["uncrypto@0.1.3", "", {}, "sha512-Ql87qFHB3s/De2ClA9e0gsnS6zXG27SkTiSJwjCc9MebbfapQfuPzumMIUMi38ezPZVNFcHI9sUIepeQfw8J8Q=="],

    "undici-types": ["undici-types@7.10.0", "", {}, "sha512-t5Fy/nfn+14LuOc2KNYg75vZqClpAiqscVvMygNnlsHBFpSXdJaYtXMcdNLpl/Qvc3P2cB3s6lOV51nqsFq4ag=="],

    "zod": ["zod@4.0.15", "", {}, "sha512-2IVHb9h4Mt6+UXkyMs0XbfICUh1eUrlJJAOupBHUhLRnKkruawyDddYRCs0Eizt900ntIMk9/4RksYl+FgSpcQ=="],
  }
}
